
Microsoft Visual Studio Solution File, Format Version 12.00
# Visual Studio 15
VisualStudioVersion = 15.0.28307.705
MinimumVisualStudioVersion = 10.0.40219.1
Project("{FAE04EC0-301F-11D3-BF4B-00C04F79EFBC}") = "DAL", "DAL\DAL.csproj", "{31499D90-F2F5-4C2F-A1C0-944B40D2F539}"
EndProject
Project("{FAE04EC0-301F-11D3-BF4B-00C04F79EFBC}") = "BL", "BL\BL.csproj", "{57DF0F15-E3DB-4058-AC6C-99D48221C5C0}"
EndProject
Project("{FAE04EC0-301F-11D3-BF4B-00C04F79EFBC}") = "OrkunProje", "OrkunProje\OrkunProje.csproj", "{6C6A6C9F-0290-4437-A016-C63B2F34B5F6}"
EndProject
Global
	GlobalSection(SolutionConfigurationPlatforms) = preSolution
		Debug|Any CPU = Debug|Any CPU
		Release|Any CPU = Release|Any CPU
	EndGlobalSection
	GlobalSection(ProjectConfigurationPlatforms) = postSolution
		{31499D90-F2F5-4C2F-A1C0-944B40D2F539}.Debug|Any CPU.ActiveCfg = Debug|Any CPU
		{31499D90-F2F5-4C2F-A1C0-944B40D2F539}.Debug|Any CPU.Build.0 = Debug|Any CPU
		{31499D90-F2F5-4C2F-A1C0-944B40D2F539}.Release|Any CPU.ActiveCfg = Release|Any CPU
		{31499D90-F2F5-4C2F-A1C0-944B40D2F539}.Release|Any CPU.Build.0 = Release|Any CPU
		{57DF0F15-E3DB-4058-AC6C-99D48221C5C0}.Debug|Any CPU.ActiveCfg = Debug|Any CPU
		{57DF0F15-E3DB-4058-AC6C-99D48221C5C0}.Debug|Any CPU.Build.0 = Debug|Any CPU
		{57DF0F15-E3DB-4058-AC6C-99D48221C5C0}.Release|Any CPU.ActiveCfg = Release|Any CPU
		{57DF0F15-E3DB-4058-AC6C-99D48221C5C0}.Release|Any CPU.Build.0 = Release|Any CPU
		{6C6A6C9F-0290-4437-A016-C63B2F34B5F6}.Debug|Any CPU.ActiveCfg = Debug|Any CPU
		{6C6A6C9F-0290-4437-A016-C63B2F34B5F6}.Debug|Any CPU.Build.0 = Debug|Any CPU
		{6C6A6C9F-0290-4437-A016-C63B2F34B5F6}.Release|Any CPU.ActiveCfg = Release|Any CPU
		{6C6A6C9F-0290-4437-A016-C63B2F34B5F6}.Release|Any CPU.Build.0 = Release|Any CPU
	EndGlobalSection
	GlobalSection(SolutionProperties) = preSolution
		HideSolutionNode = FALSE
	EndGlobalSection
	GlobalSection(ExtensibilityGlobals) = postSolution
		SolutionGuid = {E77C2B77-EFCD-4F1D-AB61-2CCDA05A3482}
	EndGlobalSection
EndGlobal
